
Microsoft Visual Studio Solution File, Format Version 12.00
# Visual Studio Version 17
VisualStudioVersion = 17.2.32505.173
MinimumVisualStudioVersion = 10.0.40219.1
Project("{FAE04EC0-301F-11D3-BF4B-00C04F79EFBC}") = "GC MVC Countries Lab", "GC MVC Countries Lab\GC MVC Countries Lab.csproj", "{507F595E-D2A1-41C8-800E-5372980AF7BC}"
EndProject
Global
	GlobalSection(SolutionConfigurationPlatforms) = preSolution
		Debug|Any CPU = Debug|Any CPU
		Release|Any CPU = Release|Any CPU
	EndGlobalSection
	GlobalSection(ProjectConfigurationPlatforms) = postSolution
		{507F595E-D2A1-41C8-800E-5372980AF7BC}.Debug|Any CPU.ActiveCfg = Debug|Any CPU
		{507F595E-D2A1-41C8-800E-5372980AF7BC}.Debug|Any CPU.Build.0 = Debug|Any CPU
		{507F595E-D2A1-41C8-800E-5372980AF7BC}.Release|Any CPU.ActiveCfg = Release|Any CPU
		{507F595E-D2A1-41C8-800E-5372980AF7BC}.Release|Any CPU.Build.0 = Release|Any CPU
	EndGlobalSection
	GlobalSection(SolutionProperties) = preSolution
		HideSolutionNode = FALSE
	EndGlobalSection
	GlobalSection(ExtensibilityGlobals) = postSolution
		SolutionGuid = {E1930778-D67D-4BC6-972F-5A83BC46C765}
	EndGlobalSection
EndGlobal
